
Microsoft Visual Studio Solution File, Format Version 12.00
# Visual Studio Version 17
VisualStudioVersion = 17.7.34202.233
MinimumVisualStudioVersion = 10.0.40219.1
Project("{8BC9CEB8-8B4A-11D0-8D11-00A0C91BC942}") = "LZSS", "LZSS.vcxproj", "{EB910F7D-5043-42E3-96E9-646CCBC80C16}"
EndProject
Global
	GlobalSection(SolutionConfigurationPlatforms) = preSolution
		Debug|x64 = Debug|x64
		Debug|x86 = Debug|x86
		Release|x64 = Release|x64
		Release|x86 = Release|x86
	EndGlobalSection
	GlobalSection(ProjectConfigurationPlatforms) = postSolution
		{EB910F7D-5043-42E3-96E9-646CCBC80C16}.Debug|x64.ActiveCfg = Debug|x64
		{EB910F7D-5043-42E3-96E9-646CCBC80C16}.Debug|x64.Build.0 = Debug|x64
		{EB910F7D-5043-42E3-96E9-646CCBC80C16}.Debug|x86.ActiveCfg = Debug|Win32
		{EB910F7D-5043-42E3-96E9-646CCBC80C16}.Debug|x86.Build.0 = Debug|Win32
		{EB910F7D-5043-42E3-96E9-646CCBC80C16}.Release|x64.ActiveCfg = Release|x64
		{EB910F7D-5043-42E3-96E9-646CCBC80C16}.Release|x64.Build.0 = Release|x64
		{EB910F7D-5043-42E3-96E9-646CCBC80C16}.Release|x86.ActiveCfg = Release|Win32
		{EB910F7D-5043-42E3-96E9-646CCBC80C16}.Release|x86.Build.0 = Release|Win32
	EndGlobalSection
	GlobalSection(SolutionProperties) = preSolution
		HideSolutionNode = FALSE
	EndGlobalSection
	GlobalSection(ExtensibilityGlobals) = postSolution
		SolutionGuid = {79762000-ACFC-40FC-A0CD-D3F430E9F273}
	EndGlobalSection
EndGlobal
